
Microsoft Visual Studio Solution File, Format Version 12.00
Project("{FAE04EC0-301F-11D3-BF4B-00C04F79EFBC}") = "dotnet-sqs-sample", "dotnet-sqs-sample\dotnet-sqs-sample.csproj", "{9C029C20-58C8-4FA2-AF05-800532EAB03B}"
EndProject
Global
	GlobalSection(SolutionConfigurationPlatforms) = preSolution
		Debug|Any CPU = Debug|Any CPU
		Release|Any CPU = Release|Any CPU
	EndGlobalSection
	GlobalSection(ProjectConfigurationPlatforms) = postSolution
		{9C029C20-58C8-4FA2-AF05-800532EAB03B}.Debug|Any CPU.ActiveCfg = Debug|Any CPU
		{9C029C20-58C8-4FA2-AF05-800532EAB03B}.Debug|Any CPU.Build.0 = Debug|Any CPU
		{9C029C20-58C8-4FA2-AF05-800532EAB03B}.Release|Any CPU.ActiveCfg = Release|Any CPU
		{9C029C20-58C8-4FA2-AF05-800532EAB03B}.Release|Any CPU.Build.0 = Release|Any CPU
	EndGlobalSection
EndGlobal
